
Microsoft Visual Studio Solution File, Format Version 12.00
# Visual Studio 14
VisualStudioVersion = 14.0.25420.1
MinimumVisualStudioVersion = 10.0.40219.1
Project("{FAE04EC0-301F-11D3-BF4B-00C04F79EFBC}") = "DieHard", "DieHard\DieHard.csproj", "{1CDD0CB2-A820-4DDB-8B2E-CB69472BEA7A}"
EndProject
Project("{FAE04EC0-301F-11D3-BF4B-00C04F79EFBC}") = "DieHardWpf", "DieHardWpf\DieHardWpf.csproj", "{7D610FBC-FCCB-48DD-9FC9-71FD3887C916}"
EndProject
Global
	GlobalSection(SolutionConfigurationPlatforms) = preSolution
		Ad-Hoc|Any CPU = Ad-Hoc|Any CPU
		Ad-Hoc|iPhone = Ad-Hoc|iPhone
		Ad-Hoc|iPhoneSimulator = Ad-Hoc|iPhoneSimulator
		AppStore|Any CPU = AppStore|Any CPU
		AppStore|iPhone = AppStore|iPhone
		AppStore|iPhoneSimulator = AppStore|iPhoneSimulator
		Debug|Any CPU = Debug|Any CPU
		Debug|iPhone = Debug|iPhone
		Debug|iPhoneSimulator = Debug|iPhoneSimulator
		Release|Any CPU = Release|Any CPU
		Release|iPhone = Release|iPhone
		Release|iPhoneSimulator = Release|iPhoneSimulator
	EndGlobalSection
	GlobalSection(ProjectConfigurationPlatforms) = postSolution
		{1CDD0CB2-A820-4DDB-8B2E-CB69472BEA7A}.Ad-Hoc|Any CPU.ActiveCfg = Release|Any CPU
		{1CDD0CB2-A820-4DDB-8B2E-CB69472BEA7A}.Ad-Hoc|Any CPU.Build.0 = Release|Any CPU
		{1CDD0CB2-A820-4DDB-8B2E-CB69472BEA7A}.Ad-Hoc|iPhone.ActiveCfg = Release|Any CPU
		{1CDD0CB2-A820-4DDB-8B2E-CB69472BEA7A}.Ad-Hoc|iPhone.Build.0 = Release|Any CPU
		{1CDD0CB2-A820-4DDB-8B2E-CB69472BEA7A}.Ad-Hoc|iPhoneSimulator.ActiveCfg = Release|Any CPU
		{1CDD0CB2-A820-4DDB-8B2E-CB69472BEA7A}.Ad-Hoc|iPhoneSimulator.Build.0 = Release|Any CPU
		{1CDD0CB2-A820-4DDB-8B2E-CB69472BEA7A}.AppStore|Any CPU.ActiveCfg = Release|Any CPU
		{1CDD0CB2-A820-4DDB-8B2E-CB69472BEA7A}.AppStore|Any CPU.Build.0 = Release|Any CPU
		{1CDD0CB2-A820-4DDB-8B2E-CB69472BEA7A}.AppStore|iPhone.ActiveCfg = Release|Any CPU
		{1CDD0CB2-A820-4DDB-8B2E-CB69472BEA7A}.AppStore|iPhone.Build.0 = Release|Any CPU
		{1CDD0CB2-A820-4DDB-8B2E-CB69472BEA7A}.AppStore|iPhoneSimulator.ActiveCfg = Release|Any CPU
		{1CDD0CB2-A820-4DDB-8B2E-CB69472BEA7A}.AppStore|iPhoneSimulator.Build.0 = Release|Any CPU
		{1CDD0CB2-A820-4DDB-8B2E-CB69472BEA7A}.Debug|Any CPU.ActiveCfg = Debug|Any CPU
		{1CDD0CB2-A820-4DDB-8B2E-CB69472BEA7A}.Debug|Any CPU.Build.0 = Debug|Any CPU
		{1CDD0CB2-A820-4DDB-8B2E-CB69472BEA7A}.Debug|iPhone.ActiveCfg = Debug|Any CPU
		{1CDD0CB2-A820-4DDB-8B2E-CB69472BEA7A}.Debug|iPhone.Build.0 = Debug|Any CPU
		{1CDD0CB2-A820-4DDB-8B2E-CB69472BEA7A}.Debug|iPhoneSimulator.ActiveCfg = Debug|Any CPU
		{1CDD0CB2-A820-4DDB-8B2E-CB69472BEA7A}.Debug|iPhoneSimulator.Build.0 = Debug|Any CPU
		{1CDD0CB2-A820-4DDB-8B2E-CB69472BEA7A}.Release|Any CPU.ActiveCfg = Release|Any CPU
		{1CDD0CB2-A820-4DDB-8B2E-CB69472BEA7A}.Release|Any CPU.Build.0 = Release|Any CPU
		{1CDD0CB2-A820-4DDB-8B2E-CB69472BEA7A}.Release|iPhone.ActiveCfg = Release|Any CPU
		{1CDD0CB2-A820-4DDB-8B2E-CB69472BEA7A}.Release|iPhone.Build.0 = Release|Any CPU
		{1CDD0CB2-A820-4DDB-8B2E-CB69472BEA7A}.Release|iPhoneSimulator.ActiveCfg = Release|Any CPU
		{1CDD0CB2-A820-4DDB-8B2E-CB69472BEA7A}.Release|iPhoneSimulator.Build.0 = Release|Any CPU
		{7D610FBC-FCCB-48DD-9FC9-71FD3887C916}.Ad-Hoc|Any CPU.ActiveCfg = Release|Any CPU
		{7D610FBC-FCCB-48DD-9FC9-71FD3887C916}.Ad-Hoc|Any CPU.Build.0 = Release|Any CPU
		{7D610FBC-FCCB-48DD-9FC9-71FD3887C916}.Ad-Hoc|iPhone.ActiveCfg = Release|Any CPU
		{7D610FBC-FCCB-48DD-9FC9-71FD3887C916}.Ad-Hoc|iPhone.Build.0 = Release|Any CPU
		{7D610FBC-FCCB-48DD-9FC9-71FD3887C916}.Ad-Hoc|iPhoneSimulator.ActiveCfg = Release|Any CPU
		{7D610FBC-FCCB-48DD-9FC9-71FD3887C916}.Ad-Hoc|iPhoneSimulator.Build.0 = Release|Any CPU
		{7D610FBC-FCCB-48DD-9FC9-71FD3887C916}.AppStore|Any CPU.ActiveCfg = Release|Any CPU
		{7D610FBC-FCCB-48DD-9FC9-71FD3887C916}.AppStore|Any CPU.Build.0 = Release|Any CPU
		{7D610FBC-FCCB-48DD-9FC9-71FD3887C916}.AppStore|iPhone.ActiveCfg = Release|Any CPU
		{7D610FBC-FCCB-48DD-9FC9-71FD3887C916}.AppStore|iPhone.Build.0 = Release|Any CPU
		{7D610FBC-FCCB-48DD-9FC9-71FD3887C916}.AppStore|iPhoneSimulator.ActiveCfg = Release|Any CPU
		{7D610FBC-FCCB-48DD-9FC9-71FD3887C916}.AppStore|iPhoneSimulator.Build.0 = Release|Any CPU
		{7D610FBC-FCCB-48DD-9FC9-71FD3887C916}.Debug|Any CPU.ActiveCfg = Debug|Any CPU
		{7D610FBC-FCCB-48DD-9FC9-71FD3887C916}.Debug|Any CPU.Build.0 = Debug|Any CPU
		{7D610FBC-FCCB-48DD-9FC9-71FD3887C916}.Debug|iPhone.ActiveCfg = Debug|Any CPU
		{7D610FBC-FCCB-48DD-9FC9-71FD3887C916}.Debug|iPhone.Build.0 = Debug|Any CPU
		{7D610FBC-FCCB-48DD-9FC9-71FD3887C916}.Debug|iPhoneSimulator.ActiveCfg = Debug|Any CPU
		{7D610FBC-FCCB-48DD-9FC9-71FD3887C916}.Debug|iPhoneSimulator.Build.0 = Debug|Any CPU
		{7D610FBC-FCCB-48DD-9FC9-71FD3887C916}.Release|Any CPU.ActiveCfg = Release|Any CPU
		{7D610FBC-FCCB-48DD-9FC9-71FD3887C916}.Release|Any CPU.Build.0 = Release|Any CPU
		{7D610FBC-FCCB-48DD-9FC9-71FD3887C916}.Release|iPhone.ActiveCfg = Release|Any CPU
		{7D610FBC-FCCB-48DD-9FC9-71FD3887C916}.Release|iPhone.Build.0 = Release|Any CPU
		{7D610FBC-FCCB-48DD-9FC9-71FD3887C916}.Release|iPhoneSimulator.ActiveCfg = Release|Any CPU
		{7D610FBC-FCCB-48DD-9FC9-71FD3887C916}.Release|iPhoneSimulator.Build.0 = Release|Any CPU
	EndGlobalSection
	GlobalSection(SolutionProperties) = preSolution
		HideSolutionNode = FALSE
	EndGlobalSection
EndGlobal
